// !$*UTF8*$!
{
	archiveVersion = 1;
	classes = {
	};
	objectVersion = 56;
	objects = {

/* Begin PBXBuildFile section */
		6A9C6FBEACB3BF05DD125C09 /* Pods_SnapchatClone.framework in Frameworks */ = {isa = PBXBuildFile; fileRef = 20658E1F91FF4153F58A50A1 /* Pods_SnapchatClone.framework */; };
		863192B12950547C000E223B /* AppDelegate.swift in Sources */ = {isa = PBXBuildFile; fileRef = 863192B02950547C000E223B /* AppDelegate.swift */; };
		863192B32950547C000E223B /* SceneDelegate.swift in Sources */ = {isa = PBXBuildFile; fileRef = 863192B22950547C000E223B /* SceneDelegate.swift */; };
		863192B52950547C000E223B /* SignInVC.swift in Sources */ = {isa = PBXBuildFile; fileRef = 863192B42950547C000E223B /* SignInVC.swift */; };
		863192B82950547C000E223B /* Main.storyboard in Resources */ = {isa = PBXBuildFile; fileRef = 863192B62950547C000E223B /* Main.storyboard */; };
		863192BA2950547E000E223B /* Assets.xcassets in Resources */ = {isa = PBXBuildFile; fileRef = 863192B92950547E000E223B /* Assets.xcassets */; };
		863192BD2950547E000E223B /* LaunchScreen.storyboard in Resources */ = {isa = PBXBuildFile; fileRef = 863192BB2950547E000E223B /* LaunchScreen.storyboard */; };
		863192C529505615000E223B /* GoogleService-Info.plist in Resources */ = {isa = PBXBuildFile; fileRef = 863192C429505615000E223B /* GoogleService-Info.plist */; };
		863192C829505D57000E223B /* FeedVC.swift in Sources */ = {isa = PBXBuildFile; fileRef = 863192C729505D57000E223B /* FeedVC.swift */; };
		863192CA29505D65000E223B /* UploadVC.swift in Sources */ = {isa = PBXBuildFile; fileRef = 863192C929505D65000E223B /* UploadVC.swift */; };
		863192CC29505D77000E223B /* SettingsVC.swift in Sources */ = {isa = PBXBuildFile; fileRef = 863192CB29505D77000E223B /* SettingsVC.swift */; };
		863192CF29505F54000E223B /* SnapVC.swift in Sources */ = {isa = PBXBuildFile; fileRef = 863192CE29505F54000E223B /* SnapVC.swift */; };
		863192D2295068C2000E223B /* UserSingleton.swift in Sources */ = {isa = PBXBuildFile; fileRef = 863192D1295068C2000E223B /* UserSingleton.swift */; };
		863192D4295076C4000E223B /* FeedCell.swift in Sources */ = {isa = PBXBuildFile; fileRef = 863192D3295076C4000E223B /* FeedCell.swift */; };
		863192D629507985000E223B /* Snap.swift in Sources */ = {isa = PBXBuildFile; fileRef = 863192D529507985000E223B /* Snap.swift */; };
/* End PBXBuildFile section */

/* Begin PBXFileReference section */
		20658E1F91FF4153F58A50A1 /* Pods_SnapchatClone.framework */ = {isa = PBXFileReference; explicitFileType = wrapper.framework; includeInIndex = 0; path = Pods_SnapchatClone.framework; sourceTree = BUILT_PRODUCTS_DIR; };
		665D1A4A109A60B8227A8671 /* Pods-SnapchatClone.release.xcconfig */ = {isa = PBXFileReference; includeInIndex = 1; lastKnownFileType = text.xcconfig; name = "Pods-SnapchatClone.release.xcconfig"; path = "Target Support Files/Pods-SnapchatClone/Pods-SnapchatClone.release.xcconfig"; sourceTree = "<group>"; };
		863192AD2950547C000E223B /* SnapchatClone.app */ = {isa = PBXFileReference; explicitFileType = wrapper.application; includeInIndex = 0; path = SnapchatClone.app; sourceTree = BUILT_PRODUCTS_DIR; };
		863192B02950547C000E223B /* AppDelegate.swift */ = {isa = PBXFileReference; lastKnownFileType = sourcecode.swift; path = AppDelegate.swift; sourceTree = "<group>"; };
		863192B22950547C000E223B /* SceneDelegate.swift */ = {isa = PBXFileReference; lastKnownFileType = sourcecode.swift; path = SceneDelegate.swift; sourceTree = "<group>"; };
		863192B42950547C000E223B /* SignInVC.swift */ = {isa = PBXFileReference; lastKnownFileType = sourcecode.swift; path = SignInVC.swift; sourceTree = "<group>"; };
		863192B72950547C000E223B /* Base */ = {isa = PBXFileReference; lastKnownFileType = file.storyboard; name = Base; path = Base.lproj/Main.storyboard; sourceTree = "<group>"; };
		863192B92950547E000E223B /* Assets.xcassets */ = {isa = PBXFileReference; lastKnownFileType = folder.assetcatalog; path = Assets.xcassets; sourceTree = "<group>"; };
		863192BC2950547E000E223B /* Base */ = {isa = PBXFileReference; lastKnownFileType = file.storyboard; name = Base; path = Base.lproj/LaunchScreen.storyboard; sourceTree = "<group>"; };
		863192BE2950547E000E223B /* Info.plist */ = {isa = PBXFileReference; lastKnownFileType = text.plist.xml; path = Info.plist; sourceTree = "<group>"; };
		863192C429505615000E223B /* GoogleService-Info.plist */ = {isa = PBXFileReference; fileEncoding = 4; lastKnownFileType = text.plist.xml; path = "GoogleService-Info.plist"; sourceTree = "<group>"; };
		863192C729505D57000E223B /* FeedVC.swift */ = {isa = PBXFileReference; lastKnownFileType = sourcecode.swift; path = FeedVC.swift; sourceTree = "<group>"; };
		863192C929505D65000E223B /* UploadVC.swift */ = {isa = PBXFileReference; lastKnownFileType = sourcecode.swift; path = UploadVC.swift; sourceTree = "<group>"; };
		863192CB29505D77000E223B /* SettingsVC.swift */ = {isa = PBXFileReference; lastKnownFileType = sourcecode.swift; path = SettingsVC.swift; sourceTree = "<group>"; };
		863192CE29505F54000E223B /* SnapVC.swift */ = {isa = PBXFileReference; lastKnownFileType = sourcecode.swift; path = SnapVC.swift; sourceTree = "<group>"; };
		863192D1295068C2000E223B /* UserSingleton.swift */ = {isa = PBXFileReference; lastKnownFileType = sourcecode.swift; path = UserSingleton.swift; sourceTree = "<group>"; };
		863192D3295076C4000E223B /* FeedCell.swift */ = {isa = PBXFileReference; lastKnownFileType = sourcecode.swift; path = FeedCell.swift; sourceTree = "<group>"; };
		863192D529507985000E223B /* Snap.swift */ = {isa = PBXFileReference; lastKnownFileType = sourcecode.swift; path = Snap.swift; sourceTree = "<group>"; };
		C36F71602758E8849BCDC784 /* Pods-SnapchatClone.debug.xcconfig */ = {isa = PBXFileReference; includeInIndex = 1; lastKnownFileType = text.xcconfig; name = "Pods-SnapchatClone.debug.xcconfig"; path = "Target Support Files/Pods-SnapchatClone/Pods-SnapchatClone.debug.xcconfig"; sourceTree = "<group>"; };
/* End PBXFileReference section */

/* Begin PBXFrameworksBuildPhase section */
		863192AA2950547C000E223B /* Frameworks */ = {
			isa = PBXFrameworksBuildPhase;
			buildActionMask = 2147483647;
			files = (
				6A9C6FBEACB3BF05DD125C09 /* Pods_SnapchatClone.framework in Frameworks */,
			);
			runOnlyForDeploymentPostprocessing = 0;
		};
/* End PBXFrameworksBuildPhase section */

/* Begin PBXGroup section */
		21EF91B2A1A6699ED32E02D6 /* Frameworks */ = {
			isa = PBXGroup;
			children = (
				20658E1F91FF4153F58A50A1 /* Pods_SnapchatClone.framework */,
			);
			name = Frameworks;
			sourceTree = "<group>";
		};
		863192A42950547C000E223B = {
			isa = PBXGroup;
			children = (
				863192AF2950547C000E223B /* SnapchatClone */,
				863192AE2950547C000E223B /* Products */,
				DEB5D52358F7CFA82BB766C6 /* Pods */,
				21EF91B2A1A6699ED32E02D6 /* Frameworks */,
			);
			sourceTree = "<group>";
		};
		863192AE2950547C000E223B /* Products */ = {
			isa = PBXGroup;
			children = (
				863192AD2950547C000E223B /* SnapchatClone.app */,
			);
			name = Products;
			sourceTree = "<group>";
		};
		863192AF2950547C000E223B /* SnapchatClone */ = {
			isa = PBXGroup;
			children = (
				863192D0295068AD000E223B /* Models */,
				863192CD29505E19000E223B /* Delegates */,
				863192C629505D3C000E223B /* ViewControllers */,
				863192B62950547C000E223B /* Main.storyboard */,
				863192B92950547E000E223B /* Assets.xcassets */,
				863192BB2950547E000E223B /* LaunchScreen.storyboard */,
				863192C429505615000E223B /* GoogleService-Info.plist */,
				863192BE2950547E000E223B /* Info.plist */,
			);
			path = SnapchatClone;
			sourceTree = "<group>";
		};
		863192C629505D3C000E223B /* ViewControllers */ = {
			isa = PBXGroup;
			children = (
				863192B42950547C000E223B /* SignInVC.swift */,
				863192C729505D57000E223B /* FeedVC.swift */,
				863192C929505D65000E223B /* UploadVC.swift */,
				863192CB29505D77000E223B /* SettingsVC.swift */,
				863192CE29505F54000E223B /* SnapVC.swift */,
				863192D3295076C4000E223B /* FeedCell.swift */,
			);
			path = ViewControllers;
			sourceTree = "<group>";
		};
		863192CD29505E19000E223B /* Delegates */ = {
			isa = PBXGroup;
			children = (
				863192B02950547C000E223B /* AppDelegate.swift */,
				863192B22950547C000E223B /* SceneDelegate.swift */,
			);
			path = Delegates;
			sourceTree = "<group>";
		};
		863192D0295068AD000E223B /* Models */ = {
			isa = PBXGroup;
			children = (
				863192D1295068C2000E223B /* UserSingleton.swift */,
				863192D529507985000E223B /* Snap.swift */,
			);
			path = Models;
			sourceTree = "<group>";
		};
		DEB5D52358F7CFA82BB766C6 /* Pods */ = {
			isa = PBXGroup;
			children = (
				C36F71602758E8849BCDC784 /* Pods-SnapchatClone.debug.xcconfig */,
				665D1A4A109A60B8227A8671 /* Pods-SnapchatClone.release.xcconfig */,
			);
			path = Pods;
			sourceTree = "<group>";
		};
/* End PBXGroup section */

/* Begin PBXNativeTarget section */
		863192AC2950547C000E223B /* SnapchatClone */ = {
			isa = PBXNativeTarget;
			buildConfigurationList = 863192C12950547E000E223B /* Build configuration list for PBXNativeTarget "SnapchatClone" */;
			buildPhases = (
				739F4DC94DFA11CED3225749 /* [CP] Check Pods Manifest.lock */,
				863192A92950547C000E223B /* Sources */,
				863192AA2950547C000E223B /* Frameworks */,
				863192AB2950547C000E223B /* Resources */,
				93776AD728EA84798B79B69B /* [CP] Embed Pods Frameworks */,
			);
			buildRules = (
			);
			dependencies = (
			);
			name = SnapchatClone;
			productName = SnapchatClone;
			productReference = 863192AD2950547C000E223B /* SnapchatClone.app */;
			productType = "com.apple.product-type.application";
		};
/* End PBXNativeTarget section */

/* Begin PBXProject section */
		863192A52950547C000E223B /* Project object */ = {
			isa = PBXProject;
			attributes = {
				BuildIndependentTargetsInParallel = 1;
				LastSwiftUpdateCheck = 1410;
				LastUpgradeCheck = 1410;
				TargetAttributes = {
					863192AC2950547C000E223B = {
						CreatedOnToolsVersion = 14.1;
					};
				};
			};
			buildConfigurationList = 863192A82950547C000E223B /* Build configuration list for PBXProject "SnapchatClone" */;
			compatibilityVersion = "Xcode 14.0";
			developmentRegion = en;
			hasScannedForEncodings = 0;
			knownRegions = (
				en,
				Base,
			);
			mainGroup = 863192A42950547C000E223B;
			productRefGroup = 863192AE2950547C000E223B /* Products */;
			projectDirPath = "";
			projectRoot = "";
			targets = (
				863192AC2950547C000E223B /* SnapchatClone */,
			);
		};
/* End PBXProject section */

/* Begin PBXResourcesBuildPhase section */
		863192AB2950547C000E223B /* Resources */ = {
			isa = PBXResourcesBuildPhase;
			buildActionMask = 2147483647;
			files = (
				863192BD2950547E000E223B /* LaunchScreen.storyboard in Resources */,
				863192C529505615000E223B /* GoogleService-Info.plist in Resources */,
				863192BA2950547E000E223B /* Assets.xcassets in Resources */,
				863192B82950547C000E223B /* Main.storyboard in Resources */,
			);
			runOnlyForDeploymentPostprocessing = 0;
		};
/* End PBXResourcesBuildPhase section */

/* Begin PBXShellScriptBuildPhase section */
		739F4DC94DFA11CED3225749 /* [CP] Check Pods Manifest.lock */ = {
			isa = PBXShellScriptBuildPhase;
			buildActionMask = 2147483647;
			files = (
			);
			inputFileListPaths = (
			);
			inputPaths = (
				"${PODS_PODFILE_DIR_PATH}/Podfile.lock",
				"${PODS_ROOT}/Manifest.lock",
			);
			name = "[CP] Check Pods Manifest.lock";
			outputFileListPaths = (
			);
			outputPaths = (
				"$(DERIVED_FILE_DIR)/Pods-SnapchatClone-checkManifestLockResult.txt",
			);
			runOnlyForDeploymentPostprocessing = 0;
			shellPath = /bin/sh;
			shellScript = "diff \"${PODS_PODFILE_DIR_PATH}/Podfile.lock\" \"${PODS_ROOT}/Manifest.lock\" > /dev/null\nif [ $? != 0 ] ; then\n    # print error to STDERR\n    echo \"error: The sandbox is not in sync with the Podfile.lock. Run 'pod install' or update your CocoaPods installation.\" >&2\n    exit 1\nfi\n# This output is used by Xcode 'outputs' to avoid re-running this script phase.\necho \"SUCCESS\" > \"${SCRIPT_OUTPUT_FILE_0}\"\n";
			showEnvVarsInLog = 0;
		};
		93776AD728EA84798B79B69B /* [CP] Embed Pods Frameworks */ = {
			isa = PBXShellScriptBuildPhase;
			buildActionMask = 2147483647;
			files = (
			);
			inputFileListPaths = (
				"${PODS_ROOT}/Target Support Files/Pods-SnapchatClone/Pods-SnapchatClone-frameworks-${CONFIGURATION}-input-files.xcfilelist",
			);
			name = "[CP] Embed Pods Frameworks";
			outputFileListPaths = (
				"${PODS_ROOT}/Target Support Files/Pods-SnapchatClone/Pods-SnapchatClone-frameworks-${CONFIGURATION}-output-files.xcfilelist",
			);
			runOnlyForDeploymentPostprocessing = 0;
			shellPath = /bin/sh;
			shellScript = "\"${PODS_ROOT}/Target Support Files/Pods-SnapchatClone/Pods-SnapchatClone-frameworks.sh\"\n";
			showEnvVarsInLog = 0;
		};
/* End PBXShellScriptBuildPhase section */

/* Begin PBXSourcesBuildPhase section */
		863192A92950547C000E223B /* Sources */ = {
			isa = PBXSourcesBuildPhase;
			buildActionMask = 2147483647;
			files = (
				863192D2295068C2000E223B /* UserSingleton.swift in Sources */,
				863192D629507985000E223B /* Snap.swift in Sources */,
				863192C829505D57000E223B /* FeedVC.swift in Sources */,
				863192B52950547C000E223B /* SignInVC.swift in Sources */,
				863192B12950547C000E223B /* AppDelegate.swift in Sources */,
				863192CA29505D65000E223B /* UploadVC.swift in Sources */,
				863192CF29505F54000E223B /* SnapVC.swift in Sources */,
				863192B32950547C000E223B /* SceneDelegate.swift in Sources */,
				863192CC29505D77000E223B /* SettingsVC.swift in Sources */,
				863192D4295076C4000E223B /* FeedCell.swift in Sources */,
			);
			runOnlyForDeploymentPostprocessing = 0;
		};
/* End PBXSourcesBuildPhase section */

/* Begin PBXVariantGroup section */
		863192B62950547C000E223B /* Main.storyboard */ = {
			isa = PBXVariantGroup;
			children = (
				863192B72950547C000E223B /* Base */,
			);
			name = Main.storyboard;
			sourceTree = "<group>";
		};
		863192BB2950547E000E223B /* LaunchScreen.storyboard */ = {
			isa = PBXVariantGroup;
			children = (
				863192BC2950547E000E223B /* Base */,
			);
			name = LaunchScreen.storyboard;
			sourceTree = "<group>";
		};
/* End PBXVariantGroup section */

/* Begin XCBuildConfiguration section */
		863192BF2950547E000E223B /* Debug */ = {
			isa = XCBuildConfiguration;
			buildSettings = {
				ALWAYS_SEARCH_USER_PATHS = NO;
				CLANG_ANALYZER_NONNULL = YES;
				CLANG_ANALYZER_NUMBER_OBJECT_CONVERSION = YES_AGGRESSIVE;
				CLANG_CXX_LANGUAGE_STANDARD = "gnu++20";
				CLANG_ENABLE_MODULES = YES;
				CLANG_ENABLE_OBJC_ARC = YES;
				CLANG_ENABLE_OBJC_WEAK = YES;
				CLANG_WARN_BLOCK_CAPTURE_AUTORELEASING = YES;
				CLANG_WARN_BOOL_CONVERSION = YES;
				CLANG_WARN_COMMA = YES;
				CLANG_WARN_CONSTANT_CONVERSION = YES;
				CLANG_WARN_DEPRECATED_OBJC_IMPLEMENTATIONS = YES;
				CLANG_WARN_DIRECT_OBJC_ISA_USAGE = YES_ERROR;
				CLANG_WARN_DOCUMENTATION_COMMENTS = YES;
				CLANG_WARN_EMPTY_BODY = YES;
				CLANG_WARN_ENUM_CONVERSION = YES;
				CLANG_WARN_INFINITE_RECURSION = YES;
				CLANG_WARN_INT_CONVERSION = YES;
				CLANG_WARN_NON_LITERAL_NULL_CONVERSION = YES;
				CLANG_WARN_OBJC_IMPLICIT_RETAIN_SELF = YES;
				CLANG_WARN_OBJC_LITERAL_CONVERSION = YES;
				CLANG_WARN_OBJC_ROOT_CLASS = YES_ERROR;
				CLANG_WARN_QUOTED_INCLUDE_IN_FRAMEWORK_HEADER = YES;
				CLANG_WARN_RANGE_LOOP_ANALYSIS = YES;
				CLANG_WARN_STRICT_PROTOTYPES = YES;
				CLANG_WARN_SUSPICIOUS_MOVE = YES;
				CLANG_WARN_UNGUARDED_AVAILABILITY = YES_AGGRESSIVE;
				CLANG_WARN_UNREACHABLE_CODE = YES;
				CLANG_WARN__DUPLICATE_METHOD_MATCH = YES;
				COPY_PHASE_STRIP = NO;
				DEBUG_INFORMATION_FORMAT = dwarf;
				ENABLE_STRICT_OBJC_MSGSEND = YES;
				ENABLE_TESTABILITY = YES;
				GCC_C_LANGUAGE_STANDARD = gnu11;
				GCC_DYNAMIC_NO_PIC = NO;
				GCC_NO_COMMON_BLOCKS = YES;
				GCC_OPTIMIZATION_LEVEL = 0;
				GCC_PREPROCESSOR_DEFINITIONS = (
					"DEBUG=1",
					"$(inherited)",
				);
				GCC_WARN_64_TO_32_BIT_CONVERSION = YES;
				GCC_WARN_ABOUT_RETURN_TYPE = YES_ERROR;
				GCC_WARN_UNDECLARED_SELECTOR = YES;
				GCC_WARN_UNINITIALIZED_AUTOS = YES_AGGRESSIVE;
				GCC_WARN_UNUSED_FUNCTION = YES;
				GCC_WARN_UNUSED_VARIABLE = YES;
				IPHONEOS_DEPLOYMENT_TARGET = 16.1;
				MTL_ENABLE_DEBUG_INFO = INCLUDE_SOURCE;
				MTL_FAST_MATH = YES;
				ONLY_ACTIVE_ARCH = YES;
				SDKROOT = iphoneos;
				SWIFT_ACTIVE_COMPILATION_CONDITIONS = DEBUG;
				SWIFT_OPTIMIZATION_LEVEL = "-Onone";
			};
			name = Debug;
		};
		863192C02950547E000E223B /* Release */ = {
			isa = XCBuildConfiguration;
			buildSettings = {
				ALWAYS_SEARCH_USER_PATHS = NO;
				CLANG_ANALYZER_NONNULL = YES;
				CLANG_ANALYZER_NUMBER_OBJECT_CONVERSION = YES_AGGRESSIVE;
				CLANG_CXX_LANGUAGE_STANDARD = "gnu++20";
				CLANG_ENABLE_MODULES = YES;
				CLANG_ENABLE_OBJC_ARC = YES;
				CLANG_ENABLE_OBJC_WEAK = YES;
				CLANG_WARN_BLOCK_CAPTURE_AUTORELEASING = YES;
				CLANG_WARN_BOOL_CONVERSION = YES;
				CLANG_WARN_COMMA = YES;
				CLANG_WARN_CONSTANT_CONVERSION = YES;
				CLANG_WARN_DEPRECATED_OBJC_IMPLEMENTATIONS = YES;
				CLANG_WARN_DIRECT_OBJC_ISA_USAGE = YES_ERROR;
				CLANG_WARN_DOCUMENTATION_COMMENTS = YES;
				CLANG_WARN_EMPTY_BODY = YES;
				CLANG_WARN_ENUM_CONVERSION = YES;
				CLANG_WARN_INFINITE_RECURSION = YES;
				CLANG_WARN_INT_CONVERSION = YES;
				CLANG_WARN_NON_LITERAL_NULL_CONVERSION = YES;
				CLANG_WARN_OBJC_IMPLICIT_RETAIN_SELF = YES;
				CLANG_WARN_OBJC_LITERAL_CONVERSION = YES;
				CLANG_WARN_OBJC_ROOT_CLASS = YES_ERROR;
				CLANG_WARN_QUOTED_INCLUDE_IN_FRAMEWORK_HEADER = YES;
				CLANG_WARN_RANGE_LOOP_ANALYSIS = YES;
				CLANG_WARN_STRICT_PROTOTYPES = YES;
				CLANG_WARN_SUSPICIOUS_MOVE = YES;
				CLANG_WARN_UNGUARDED_AVAILABILITY = YES_AGGRESSIVE;
				CLANG_WARN_UNREACHABLE_CODE = YES;
				CLANG_WARN__DUPLICATE_METHOD_MATCH = YES;
				COPY_PHASE_STRIP = NO;
				DEBUG_INFORMATION_FORMAT = "dwarf-with-dsym";
				ENABLE_NS_ASSERTIONS = NO;
				ENABLE_STRICT_OBJC_MSGSEND = YES;
				GCC_C_LANGUAGE_STANDARD = gnu11;
				GCC_NO_COMMON_BLOCKS = YES;
				GCC_WARN_64_TO_32_BIT_CONVERSION = YES;
				GCC_WARN_ABOUT_RETURN_TYPE = YES_ERROR;
				GCC_WARN_UNDECLARED_SELECTOR = YES;
				GCC_WARN_UNINITIALIZED_AUTOS = YES_AGGRESSIVE;
				GCC_WARN_UNUSED_FUNCTION = YES;
				GCC_WARN_UNUSED_VARIABLE = YES;
				IPHONEOS_DEPLOYMENT_TARGET = 16.1;
				MTL_ENABLE_DEBUG_INFO = NO;
				MTL_FAST_MATH = YES;
				SDKROOT = iphoneos;
				SWIFT_COMPILATION_MODE = wholemodule;
				SWIFT_OPTIMIZATION_LEVEL = "-O";
				VALIDATE_PRODUCT = YES;
			};
			name = Release;
		};
		863192C22950547E000E223B /* Debug */ = {
			isa = XCBuildConfiguration;
			baseConfigurationReference = C36F71602758E8849BCDC784 /* Pods-SnapchatClone.debug.xcconfig */;
			buildSettings = {
				ASSETCATALOG_COMPILER_APPICON_NAME = AppIcon;
				ASSETCATALOG_COMPILER_GLOBAL_ACCENT_COLOR_NAME = AccentColor;
				CODE_SIGN_STYLE = Automatic;
				CURRENT_PROJECT_VERSION = 1;
				DEVELOPMENT_TEAM = 9ZYPK72R73;
				GENERATE_INFOPLIST_FILE = YES;
				INFOPLIST_FILE = SnapchatClone/Info.plist;
				INFOPLIST_KEY_UIApplicationSupportsIndirectInputEvents = YES;
				INFOPLIST_KEY_UILaunchStoryboardName = LaunchScreen;
				INFOPLIST_KEY_UIMainStoryboardFile = Main;
				INFOPLIST_KEY_UISupportedInterfaceOrientations_iPad = "UIInterfaceOrientationPortrait UIInterfaceOrientationPortraitUpsideDown UIInterfaceOrientationLandscapeLeft UIInterfaceOrientationLandscapeRight";
				INFOPLIST_KEY_UISupportedInterfaceOrientations_iPhone = "UIInterfaceOrientationPortrait UIInterfaceOrientationLandscapeLeft UIInterfaceOrientationLandscapeRight";
				IPHONEOS_DEPLOYMENT_TARGET = 16.1;
				LD_RUNPATH_SEARCH_PATHS = (
					"$(inherited)",
					"@executable_path/Frameworks",
				);
				MARKETING_VERSION = 1.0;
				PRODUCT_BUNDLE_IDENTIFIER = com.tayfursalihsen.SnapchatClone;
				PRODUCT_NAME = "$(TARGET_NAME)";
				SWIFT_EMIT_LOC_STRINGS = YES;
				SWIFT_VERSION = 5.0;
				TARGETED_DEVICE_FAMILY = "1,2";
			};
			name = Debug;
		};
		863192C32950547E000E223B /* Release */ = {
			isa = XCBuildConfiguration;
			baseConfigurationReference = 665D1A4A109A60B8227A8671 /* Pods-SnapchatClone.release.xcconfig */;
			buildSettings = {
				ASSETCATALOG_COMPILER_APPICON_NAME = AppIcon;
				ASSETCATALOG_COMPILER_GLOBAL_ACCENT_COLOR_NAME = AccentColor;
				CODE_SIGN_STYLE = Automatic;
				CURRENT_PROJECT_VERSION = 1;
				DEVELOPMENT_TEAM = 9ZYPK72R73;
				GENERATE_INFOPLIST_FILE = YES;
				INFOPLIST_FILE = SnapchatClone/Info.plist;
				INFOPLIST_KEY_UIApplicationSupportsIndirectInputEvents = YES;
				INFOPLIST_KEY_UILaunchStoryboardName = LaunchScreen;
				INFOPLIST_KEY_UIMainStoryboardFile = Main;
				INFOPLIST_KEY_UISupportedInterfaceOrientations_iPad = "UIInterfaceOrientationPortrait UIInterfaceOrientationPortraitUpsideDown UIInterfaceOrientationLandscapeLeft UIInterfaceOrientationLandscapeRight";
				INFOPLIST_KEY_UISupportedInterfaceOrientations_iPhone = "UIInterfaceOrientationPortrait UIInterfaceOrientationLandscapeLeft UIInterfaceOrientationLandscapeRight";
				IPHONEOS_DEPLOYMENT_TARGET = 16.1;
				LD_RUNPATH_SEARCH_PATHS = (
					"$(inherited)",
					"@executable_path/Frameworks",
				);
				MARKETING_VERSION = 1.0;
				PRODUCT_BUNDLE_IDENTIFIER = com.tayfursalihsen.SnapchatClone;
				PRODUCT_NAME = "$(TARGET_NAME)";
				SWIFT_EMIT_LOC_STRINGS = YES;
				SWIFT_VERSION = 5.0;
				TARGETED_DEVICE_FAMILY = "1,2";
			};
			name = Release;
		};
/* End XCBuildConfiguration section */

/* Begin XCConfigurationList section */
		863192A82950547C000E223B /* Build configuration list for PBXProject "SnapchatClone" */ = {
			isa = XCConfigurationList;
			buildConfigurations = (
				863192BF2950547E000E223B /* Debug */,
				863192C02950547E000E223B /* Release */,
			);
			defaultConfigurationIsVisible = 0;
			defaultConfigurationName = Release;
		};
		863192C12950547E000E223B /* Build configuration list for PBXNativeTarget "SnapchatClone" */ = {
			isa = XCConfigurationList;
			buildConfigurations = (
				863192C22950547E000E223B /* Debug */,
				863192C32950547E000E223B /* Release */,
			);
			defaultConfigurationIsVisible = 0;
			defaultConfigurationName = Release;
		};
/* End XCConfigurationList section */
	};
	rootObject = 863192A52950547C000E223B /* Project object */;
}
